
Microsoft Visual Studio Solution File, Format Version 12.00
# Visual Studio Version 16
VisualStudioVersion = 16.0.33801.447
MinimumVisualStudioVersion = 10.0.40219.1
Project("{888888A0-9F3D-457C-B088-3A5042F75D52}") = "Translate Summary Field", "Translate Summary Field.pyproj", "{260D407C-1F82-44F3-AF4F-4BC40FAEB072}"
EndProject
Global
	GlobalSection(SolutionConfigurationPlatforms) = preSolution
		Debug|Any CPU = Debug|Any CPU
		Release|Any CPU = Release|Any CPU
	EndGlobalSection
	GlobalSection(ProjectConfigurationPlatforms) = postSolution
		{260D407C-1F82-44F3-AF4F-4BC40FAEB072}.Debug|Any CPU.ActiveCfg = Debug|Any CPU
		{260D407C-1F82-44F3-AF4F-4BC40FAEB072}.Release|Any CPU.ActiveCfg = Release|Any CPU
	EndGlobalSection
	GlobalSection(SolutionProperties) = preSolution
		HideSolutionNode = FALSE
	EndGlobalSection
	GlobalSection(ExtensibilityGlobals) = postSolution
		SolutionGuid = {2530EC8B-B2FD-4693-B698-4D41414F7F98}
	EndGlobalSection
EndGlobal
